<<<<<<< HEAD
﻿
Microsoft Visual Studio Solution File, Format Version 12.00
# Visual Studio 15
VisualStudioVersion = 15.0.28307.572
MinimumVisualStudioVersion = 10.0.40219.1
Project("{FAE04EC0-301F-11D3-BF4B-00C04F79EFBC}") = "ThisLab", "Курсач\ThisLab.csproj", "{042E461A-2DEC-46D5-9644-D05DE882BD1F}"
EndProject
Global
	GlobalSection(SolutionConfigurationPlatforms) = preSolution
		Debug|Any CPU = Debug|Any CPU
		Release|Any CPU = Release|Any CPU
	EndGlobalSection
	GlobalSection(ProjectConfigurationPlatforms) = postSolution
		{042E461A-2DEC-46D5-9644-D05DE882BD1F}.Debug|Any CPU.ActiveCfg = Debug|Any CPU
		{042E461A-2DEC-46D5-9644-D05DE882BD1F}.Debug|Any CPU.Build.0 = Debug|Any CPU
		{042E461A-2DEC-46D5-9644-D05DE882BD1F}.Release|Any CPU.ActiveCfg = Release|Any CPU
		{042E461A-2DEC-46D5-9644-D05DE882BD1F}.Release|Any CPU.Build.0 = Release|Any CPU
	EndGlobalSection
	GlobalSection(SolutionProperties) = preSolution
		HideSolutionNode = FALSE
	EndGlobalSection
	GlobalSection(ExtensibilityGlobals) = postSolution
		SolutionGuid = {6694B819-2198-4D07-8A80-2D0238EEDF4D}
	EndGlobalSection
EndGlobal
=======
﻿
Microsoft Visual Studio Solution File, Format Version 12.00
# Visual Studio 15
VisualStudioVersion = 15.0.28307.572
MinimumVisualStudioVersion = 10.0.40219.1
Project("{FAE04EC0-301F-11D3-BF4B-00C04F79EFBC}") = "ThisLab", "Курсач\ThisLab.csproj", "{042E461A-2DEC-46D5-9644-D05DE882BD1F}"
EndProject
Global
	GlobalSection(SolutionConfigurationPlatforms) = preSolution
		Debug|Any CPU = Debug|Any CPU
		Release|Any CPU = Release|Any CPU
	EndGlobalSection
	GlobalSection(ProjectConfigurationPlatforms) = postSolution
		{042E461A-2DEC-46D5-9644-D05DE882BD1F}.Debug|Any CPU.ActiveCfg = Debug|Any CPU
		{042E461A-2DEC-46D5-9644-D05DE882BD1F}.Debug|Any CPU.Build.0 = Debug|Any CPU
		{042E461A-2DEC-46D5-9644-D05DE882BD1F}.Release|Any CPU.ActiveCfg = Release|Any CPU
		{042E461A-2DEC-46D5-9644-D05DE882BD1F}.Release|Any CPU.Build.0 = Release|Any CPU
	EndGlobalSection
	GlobalSection(SolutionProperties) = preSolution
		HideSolutionNode = FALSE
	EndGlobalSection
	GlobalSection(ExtensibilityGlobals) = postSolution
		SolutionGuid = {6694B819-2198-4D07-8A80-2D0238EEDF4D}
	EndGlobalSection
EndGlobal
>>>>>>> 6bfba15bec96e15c6d0310b6626550723cde1cde
